
Microsoft Visual Studio Solution File, Format Version 12.00
# Visual Studio 15
VisualStudioVersion = 15.0.27130.2027
MinimumVisualStudioVersion = 10.0.40219.1
Project("{FAE04EC0-301F-11D3-BF4B-00C04F79EFBC}") = "Form_Task_1_32", "Atta_1\Form_Task_1_32.csproj", "{575C7874-CA57-40C3-BB30-72E79AA88D12}"
EndProject
Project("{FAE04EC0-301F-11D3-BF4B-00C04F79EFBC}") = "Form_Task_2_32", "Form_Task_2_32\Form_Task_2_32.csproj", "{ECFF9359-B62B-43A1-9053-E5E568A83AE9}"
EndProject
Project("{FAE04EC0-301F-11D3-BF4B-00C04F79EFBC}") = "BL", "BL\BL.csproj", "{9F466E23-66BA-41E9-867A-0139ECD0364A}"
EndProject
Project("{FAE04EC0-301F-11D3-BF4B-00C04F79EFBC}") = "Form_Task_3_lyboy", "Form_Task_3_lyboy\Form_Task_3_lyboy.csproj", "{7051B878-BBB3-421B-B702-7A28FD834D43}"
EndProject
Project("{FAE04EC0-301F-11D3-BF4B-00C04F79EFBC}") = "DataGridView_Logic", "DataGridView_Logic\DataGridView_Logic.csproj", "{2E1CEFCE-C151-4835-BA6E-940325AE5E84}"
EndProject
Project("{FAE04EC0-301F-11D3-BF4B-00C04F79EFBC}") = "Form_Task_4_32", "Form_Task_4_32\Form_Task_4_32.csproj", "{89F1B167-961E-419E-B7C6-33714B100115}"
EndProject
Global
	GlobalSection(SolutionConfigurationPlatforms) = preSolution
		Debug|Any CPU = Debug|Any CPU
		Release|Any CPU = Release|Any CPU
	EndGlobalSection
	GlobalSection(ProjectConfigurationPlatforms) = postSolution
		{575C7874-CA57-40C3-BB30-72E79AA88D12}.Debug|Any CPU.ActiveCfg = Debug|Any CPU
		{575C7874-CA57-40C3-BB30-72E79AA88D12}.Debug|Any CPU.Build.0 = Debug|Any CPU
		{575C7874-CA57-40C3-BB30-72E79AA88D12}.Release|Any CPU.ActiveCfg = Release|Any CPU
		{575C7874-CA57-40C3-BB30-72E79AA88D12}.Release|Any CPU.Build.0 = Release|Any CPU
		{ECFF9359-B62B-43A1-9053-E5E568A83AE9}.Debug|Any CPU.ActiveCfg = Debug|Any CPU
		{ECFF9359-B62B-43A1-9053-E5E568A83AE9}.Debug|Any CPU.Build.0 = Debug|Any CPU
		{ECFF9359-B62B-43A1-9053-E5E568A83AE9}.Release|Any CPU.ActiveCfg = Release|Any CPU
		{ECFF9359-B62B-43A1-9053-E5E568A83AE9}.Release|Any CPU.Build.0 = Release|Any CPU
		{9F466E23-66BA-41E9-867A-0139ECD0364A}.Debug|Any CPU.ActiveCfg = Debug|Any CPU
		{9F466E23-66BA-41E9-867A-0139ECD0364A}.Debug|Any CPU.Build.0 = Debug|Any CPU
		{9F466E23-66BA-41E9-867A-0139ECD0364A}.Release|Any CPU.ActiveCfg = Release|Any CPU
		{9F466E23-66BA-41E9-867A-0139ECD0364A}.Release|Any CPU.Build.0 = Release|Any CPU
		{7051B878-BBB3-421B-B702-7A28FD834D43}.Debug|Any CPU.ActiveCfg = Debug|Any CPU
		{7051B878-BBB3-421B-B702-7A28FD834D43}.Debug|Any CPU.Build.0 = Debug|Any CPU
		{7051B878-BBB3-421B-B702-7A28FD834D43}.Release|Any CPU.ActiveCfg = Release|Any CPU
		{7051B878-BBB3-421B-B702-7A28FD834D43}.Release|Any CPU.Build.0 = Release|Any CPU
		{2E1CEFCE-C151-4835-BA6E-940325AE5E84}.Debug|Any CPU.ActiveCfg = Debug|Any CPU
		{2E1CEFCE-C151-4835-BA6E-940325AE5E84}.Debug|Any CPU.Build.0 = Debug|Any CPU
		{2E1CEFCE-C151-4835-BA6E-940325AE5E84}.Release|Any CPU.ActiveCfg = Release|Any CPU
		{2E1CEFCE-C151-4835-BA6E-940325AE5E84}.Release|Any CPU.Build.0 = Release|Any CPU
		{89F1B167-961E-419E-B7C6-33714B100115}.Debug|Any CPU.ActiveCfg = Debug|Any CPU
		{89F1B167-961E-419E-B7C6-33714B100115}.Debug|Any CPU.Build.0 = Debug|Any CPU
		{89F1B167-961E-419E-B7C6-33714B100115}.Release|Any CPU.ActiveCfg = Release|Any CPU
		{89F1B167-961E-419E-B7C6-33714B100115}.Release|Any CPU.Build.0 = Release|Any CPU
	EndGlobalSection
	GlobalSection(SolutionProperties) = preSolution
		HideSolutionNode = FALSE
	EndGlobalSection
	GlobalSection(ExtensibilityGlobals) = postSolution
		SolutionGuid = {7827965B-F3A3-4E21-BFF2-8A80BBA8E657}
	EndGlobalSection
EndGlobal
